
Microsoft Visual Studio Solution File, Format Version 12.00
# Visual Studio Version 17
VisualStudioVersion = 17.9.34723.18
MinimumVisualStudioVersion = 10.0.40219.1
Project("{2150E333-8FDC-42A3-9474-1A3956D46DE8}") = ".github", ".github", "{AD5A4E2C-3C7C-43AE-9191-98642335294C}"
EndProject
Project("{2150E333-8FDC-42A3-9474-1A3956D46DE8}") = "workflows", "workflows", "{323A84E1-216C-4965-B35B-FCC305328A40}"
	ProjectSection(SolutionItems) = preProject
		.github\workflows\azure-dev.yml = .github\workflows\azure-dev.yml
	EndProjectSection
EndProject
Project("{2150E333-8FDC-42A3-9474-1A3956D46DE8}") = "infra", "infra", "{FD013849-E4FC-48A1-ACE5-3E0D66BF80C3}"
	ProjectSection(SolutionItems) = preProject
		infra\main.bicep = infra\main.bicep
		infra\main.parameters.json = infra\main.parameters.json
		infra\resources.bicep = infra\resources.bicep
	EndProjectSection
EndProject
Project("{2150E333-8FDC-42A3-9474-1A3956D46DE8}") = "aspiredemosqlserver", "aspiredemosqlserver", "{F3D66576-8387-4613-918B-28B40D8DFFA4}"
	ProjectSection(SolutionItems) = preProject
		infra\aspiredemosqlserver\aspiredemosqlserver.module.bicep = infra\aspiredemosqlserver\aspiredemosqlserver.module.bicep
	EndProjectSection
EndProject
Project("{2150E333-8FDC-42A3-9474-1A3956D46DE8}") = "cache", "cache", "{E747433A-E6E1-4072-8447-6F2E2469C56B}"
	ProjectSection(SolutionItems) = preProject
		infra\cache\cache.module.bicep = infra\cache\cache.module.bicep
	EndProjectSection
EndProject
Project("{2150E333-8FDC-42A3-9474-1A3956D46DE8}") = "aspiredemoapplicationinsights", "aspiredemoapplicationinsights", "{5D67EB27-664B-46C7-A06F-A73CC2CAE401}"
	ProjectSection(SolutionItems) = preProject
		infra\aspiredemoapplicationinsights\aspiredemoapplicationinsights.module.bicep = infra\aspiredemoapplicationinsights\aspiredemoapplicationinsights.module.bicep
	EndProjectSection
EndProject
Project("{2150E333-8FDC-42A3-9474-1A3956D46DE8}") = "src", "src", "{8A4E12FB-EA26-451D-9881-6CD0ACF0A6EE}"
EndProject
Project("{2150E333-8FDC-42A3-9474-1A3956D46DE8}") = "docs", "docs", "{E49F6A0C-105B-4DD0-99D4-F6DA4F086CEA}"
	ProjectSection(SolutionItems) = preProject
		docs\README.md = docs\README.md
		docs\Unlock the power of .NET in the cloud - Journey into the future with .NET Aspire.pdf = docs\Unlock the power of .NET in the cloud - Journey into the future with .NET Aspire.pdf
	EndProjectSection
EndProject
Project("{9A19103F-16F7-4668-BE54-9A1E7A4F7556}") = "GlobalAzure.NetAspire.Api", "src\GlobalAzure.NetAspire.Api\GlobalAzure.NetAspire.Api.csproj", "{88AB32E9-51FF-4B2A-845F-649FBA6D0E9B}"
EndProject
Project("{9A19103F-16F7-4668-BE54-9A1E7A4F7556}") = "GlobalAzure.NetAspire.Api.Contracts", "src\GlobalAzure.NetAspire.Api.Contracts\GlobalAzure.NetAspire.Api.Contracts.csproj", "{CE60F549-A8C6-4A00-86D9-CB863633BAAA}"
EndProject
Project("{9A19103F-16F7-4668-BE54-9A1E7A4F7556}") = "GlobalAzure.NetAspire.AppHost", "src\GlobalAzure.NetAspire.AppHost\GlobalAzure.NetAspire.AppHost.csproj", "{3C8AB2BA-7C2E-4A39-A1A7-45675EC48547}"
EndProject
Project("{54A90642-561A-4BB1-A94E-469ADEE60C69}") = "globalazure.netaspire.client", "src\globalazure.netaspire.client\globalazure.netaspire.client.esproj", "{CB63AB16-E239-49B0-9109-3B65E78389B3}"
EndProject
Project("{9A19103F-16F7-4668-BE54-9A1E7A4F7556}") = "GlobalAzure.NetAspire.Server", "src\GlobalAzure.NetAspire.Server\GlobalAzure.NetAspire.Server.csproj", "{F19D9841-8993-4F3F-9BBA-4AE3CAA40128}"
EndProject
Project("{9A19103F-16F7-4668-BE54-9A1E7A4F7556}") = "GlobalAzure.NetAspire.ServiceDefaults", "src\GlobalAzure.NetAspire.ServiceDefaults\GlobalAzure.NetAspire.ServiceDefaults.csproj", "{11F62F5D-6AD0-456C-9CA1-6365F7FECF57}"
EndProject
Project("{2150E333-8FDC-42A3-9474-1A3956D46DE8}") = "Solution Items", "Solution Items", "{8EC462FD-D22E-90A8-E5CE-7E832BA40C5D}"
	ProjectSection(SolutionItems) = preProject
		global.json = global.json
	EndProjectSection
EndProject
Global
	GlobalSection(SolutionConfigurationPlatforms) = preSolution
		Debug|Any CPU = Debug|Any CPU
		Release|Any CPU = Release|Any CPU
	EndGlobalSection
	GlobalSection(ProjectConfigurationPlatforms) = postSolution
		{88AB32E9-51FF-4B2A-845F-649FBA6D0E9B}.Debug|Any CPU.ActiveCfg = Debug|Any CPU
		{88AB32E9-51FF-4B2A-845F-649FBA6D0E9B}.Debug|Any CPU.Build.0 = Debug|Any CPU
		{88AB32E9-51FF-4B2A-845F-649FBA6D0E9B}.Release|Any CPU.ActiveCfg = Release|Any CPU
		{88AB32E9-51FF-4B2A-845F-649FBA6D0E9B}.Release|Any CPU.Build.0 = Release|Any CPU
		{CE60F549-A8C6-4A00-86D9-CB863633BAAA}.Debug|Any CPU.ActiveCfg = Debug|Any CPU
		{CE60F549-A8C6-4A00-86D9-CB863633BAAA}.Debug|Any CPU.Build.0 = Debug|Any CPU
		{CE60F549-A8C6-4A00-86D9-CB863633BAAA}.Release|Any CPU.ActiveCfg = Release|Any CPU
		{CE60F549-A8C6-4A00-86D9-CB863633BAAA}.Release|Any CPU.Build.0 = Release|Any CPU
		{3C8AB2BA-7C2E-4A39-A1A7-45675EC48547}.Debug|Any CPU.ActiveCfg = Debug|Any CPU
		{3C8AB2BA-7C2E-4A39-A1A7-45675EC48547}.Debug|Any CPU.Build.0 = Debug|Any CPU
		{3C8AB2BA-7C2E-4A39-A1A7-45675EC48547}.Release|Any CPU.ActiveCfg = Release|Any CPU
		{3C8AB2BA-7C2E-4A39-A1A7-45675EC48547}.Release|Any CPU.Build.0 = Release|Any CPU
		{CB63AB16-E239-49B0-9109-3B65E78389B3}.Debug|Any CPU.ActiveCfg = Debug|Any CPU
		{CB63AB16-E239-49B0-9109-3B65E78389B3}.Debug|Any CPU.Build.0 = Debug|Any CPU
		{CB63AB16-E239-49B0-9109-3B65E78389B3}.Debug|Any CPU.Deploy.0 = Debug|Any CPU
		{CB63AB16-E239-49B0-9109-3B65E78389B3}.Release|Any CPU.ActiveCfg = Release|Any CPU
		{CB63AB16-E239-49B0-9109-3B65E78389B3}.Release|Any CPU.Build.0 = Release|Any CPU
		{CB63AB16-E239-49B0-9109-3B65E78389B3}.Release|Any CPU.Deploy.0 = Release|Any CPU
		{F19D9841-8993-4F3F-9BBA-4AE3CAA40128}.Debug|Any CPU.ActiveCfg = Debug|Any CPU
		{F19D9841-8993-4F3F-9BBA-4AE3CAA40128}.Debug|Any CPU.Build.0 = Debug|Any CPU
		{F19D9841-8993-4F3F-9BBA-4AE3CAA40128}.Release|Any CPU.ActiveCfg = Release|Any CPU
		{F19D9841-8993-4F3F-9BBA-4AE3CAA40128}.Release|Any CPU.Build.0 = Release|Any CPU
		{11F62F5D-6AD0-456C-9CA1-6365F7FECF57}.Debug|Any CPU.ActiveCfg = Debug|Any CPU
		{11F62F5D-6AD0-456C-9CA1-6365F7FECF57}.Debug|Any CPU.Build.0 = Debug|Any CPU
		{11F62F5D-6AD0-456C-9CA1-6365F7FECF57}.Release|Any CPU.ActiveCfg = Release|Any CPU
		{11F62F5D-6AD0-456C-9CA1-6365F7FECF57}.Release|Any CPU.Build.0 = Release|Any CPU
	EndGlobalSection
	GlobalSection(SolutionProperties) = preSolution
		HideSolutionNode = FALSE
	EndGlobalSection
	GlobalSection(NestedProjects) = preSolution
		{323A84E1-216C-4965-B35B-FCC305328A40} = {AD5A4E2C-3C7C-43AE-9191-98642335294C}
		{F3D66576-8387-4613-918B-28B40D8DFFA4} = {FD013849-E4FC-48A1-ACE5-3E0D66BF80C3}
		{E747433A-E6E1-4072-8447-6F2E2469C56B} = {FD013849-E4FC-48A1-ACE5-3E0D66BF80C3}
		{5D67EB27-664B-46C7-A06F-A73CC2CAE401} = {FD013849-E4FC-48A1-ACE5-3E0D66BF80C3}
		{88AB32E9-51FF-4B2A-845F-649FBA6D0E9B} = {8A4E12FB-EA26-451D-9881-6CD0ACF0A6EE}
		{CE60F549-A8C6-4A00-86D9-CB863633BAAA} = {8A4E12FB-EA26-451D-9881-6CD0ACF0A6EE}
		{3C8AB2BA-7C2E-4A39-A1A7-45675EC48547} = {8A4E12FB-EA26-451D-9881-6CD0ACF0A6EE}
		{CB63AB16-E239-49B0-9109-3B65E78389B3} = {8A4E12FB-EA26-451D-9881-6CD0ACF0A6EE}
		{F19D9841-8993-4F3F-9BBA-4AE3CAA40128} = {8A4E12FB-EA26-451D-9881-6CD0ACF0A6EE}
		{11F62F5D-6AD0-456C-9CA1-6365F7FECF57} = {8A4E12FB-EA26-451D-9881-6CD0ACF0A6EE}
	EndGlobalSection
	GlobalSection(ExtensibilityGlobals) = postSolution
		SolutionGuid = {D44FC9ED-C1E2-4228-8A1C-7BDB9E16841B}
	EndGlobalSection
EndGlobal
