
Microsoft Visual Studio Solution File, Format Version 12.00
# Visual Studio Version 17
VisualStudioVersion = 17.9.34723.18
MinimumVisualStudioVersion = 10.0.40219.1
Project("{9A19103F-16F7-4668-BE54-9A1E7A4F7556}") = "GlobalAzure.NetAspire.Server", "GlobalAzure.NetAspire.Server\GlobalAzure.NetAspire.Server.csproj", "{BC13E986-8A5E-4520-829C-7FCC44B0592A}"
EndProject
Project("{54A90642-561A-4BB1-A94E-469ADEE60C69}") = "globalazure.netaspire.client", "globalazure.netaspire.client\globalazure.netaspire.client.esproj", "{2EE707CB-2A1C-405A-B275-CE4F950D8A4F}"
EndProject
Project("{9A19103F-16F7-4668-BE54-9A1E7A4F7556}") = "GlobalAzure.NetAspire.AppHost", "GlobalAzure.NetAspire.AppHost\GlobalAzure.NetAspire.AppHost.csproj", "{FA9CDAD2-5F52-4BAE-9BD9-5D82D9640601}"
EndProject
Project("{9A19103F-16F7-4668-BE54-9A1E7A4F7556}") = "GlobalAzure.NetAspire.ServiceDefaults", "GlobalAzure.NetAspire.ServiceDefaults\GlobalAzure.NetAspire.ServiceDefaults.csproj", "{B1883C16-3C7C-451D-A13A-563BDE34A108}"
EndProject
Project("{2150E333-8FDC-42A3-9474-1A3956D46DE8}") = ".github", ".github", "{AD5A4E2C-3C7C-43AE-9191-98642335294C}"
EndProject
Project("{2150E333-8FDC-42A3-9474-1A3956D46DE8}") = "workflows", "workflows", "{323A84E1-216C-4965-B35B-FCC305328A40}"
	ProjectSection(SolutionItems) = preProject
		.github\workflows\azure-dev.yml = .github\workflows\azure-dev.yml
	EndProjectSection
EndProject
Project("{2150E333-8FDC-42A3-9474-1A3956D46DE8}") = "infra", "infra", "{FD013849-E4FC-48A1-ACE5-3E0D66BF80C3}"
	ProjectSection(SolutionItems) = preProject
		infra\main.bicep = infra\main.bicep
		infra\main.parameters.json = infra\main.parameters.json
		infra\resources.bicep = infra\resources.bicep
	EndProjectSection
EndProject
Project("{2150E333-8FDC-42A3-9474-1A3956D46DE8}") = "aspiredemosqlserver", "aspiredemosqlserver", "{F3D66576-8387-4613-918B-28B40D8DFFA4}"
	ProjectSection(SolutionItems) = preProject
		infra\aspiredemosqlserver\aspiredemosqlserver.module.bicep = infra\aspiredemosqlserver\aspiredemosqlserver.module.bicep
	EndProjectSection
EndProject
Project("{2150E333-8FDC-42A3-9474-1A3956D46DE8}") = "cache", "cache", "{E747433A-E6E1-4072-8447-6F2E2469C56B}"
	ProjectSection(SolutionItems) = preProject
		infra\cache\cache.module.bicep = infra\cache\cache.module.bicep
	EndProjectSection
EndProject
Project("{2150E333-8FDC-42A3-9474-1A3956D46DE8}") = "aspiredemoapplicationinsights", "aspiredemoapplicationinsights", "{5D67EB27-664B-46C7-A06F-A73CC2CAE401}"
	ProjectSection(SolutionItems) = preProject
		infra\aspiredemoapplicationinsights\aspiredemoapplicationinsights.module.bicep = infra\aspiredemoapplicationinsights\aspiredemoapplicationinsights.module.bicep
	EndProjectSection
EndProject
Project("{9A19103F-16F7-4668-BE54-9A1E7A4F7556}") = "GlobalAzure.NetAspire.Api", "GlobalAzure.NetAspire.Api\GlobalAzure.NetAspire.Api.csproj", "{8C4A4F96-3987-4044-882B-602810810025}"
EndProject
Project("{9A19103F-16F7-4668-BE54-9A1E7A4F7556}") = "GlobalAzure.NetAspire.Api.Contracts", "GlobalAzure.NetAspire.Api.Contracts\GlobalAzure.NetAspire.Api.Contracts.csproj", "{06BAB3B2-DC86-4144-8F6D-34BD6026A4D2}"
EndProject
Project("{2150E333-8FDC-42A3-9474-1A3956D46DE8}") = "Solution Items", "Solution Items", "{6E975D0E-2FB9-40D6-BF2C-A164F54C492D}"
	ProjectSection(SolutionItems) = preProject
		Readme.md = Readme.md
	EndProjectSection
EndProject
Global
	GlobalSection(SolutionConfigurationPlatforms) = preSolution
		Debug|Any CPU = Debug|Any CPU
		Release|Any CPU = Release|Any CPU
	EndGlobalSection
	GlobalSection(ProjectConfigurationPlatforms) = postSolution
		{BC13E986-8A5E-4520-829C-7FCC44B0592A}.Debug|Any CPU.ActiveCfg = Debug|Any CPU
		{BC13E986-8A5E-4520-829C-7FCC44B0592A}.Debug|Any CPU.Build.0 = Debug|Any CPU
		{BC13E986-8A5E-4520-829C-7FCC44B0592A}.Release|Any CPU.ActiveCfg = Release|Any CPU
		{BC13E986-8A5E-4520-829C-7FCC44B0592A}.Release|Any CPU.Build.0 = Release|Any CPU
		{2EE707CB-2A1C-405A-B275-CE4F950D8A4F}.Debug|Any CPU.ActiveCfg = Debug|Any CPU
		{2EE707CB-2A1C-405A-B275-CE4F950D8A4F}.Debug|Any CPU.Build.0 = Debug|Any CPU
		{2EE707CB-2A1C-405A-B275-CE4F950D8A4F}.Debug|Any CPU.Deploy.0 = Debug|Any CPU
		{2EE707CB-2A1C-405A-B275-CE4F950D8A4F}.Release|Any CPU.ActiveCfg = Release|Any CPU
		{2EE707CB-2A1C-405A-B275-CE4F950D8A4F}.Release|Any CPU.Build.0 = Release|Any CPU
		{2EE707CB-2A1C-405A-B275-CE4F950D8A4F}.Release|Any CPU.Deploy.0 = Release|Any CPU
		{FA9CDAD2-5F52-4BAE-9BD9-5D82D9640601}.Debug|Any CPU.ActiveCfg = Debug|Any CPU
		{FA9CDAD2-5F52-4BAE-9BD9-5D82D9640601}.Debug|Any CPU.Build.0 = Debug|Any CPU
		{FA9CDAD2-5F52-4BAE-9BD9-5D82D9640601}.Release|Any CPU.ActiveCfg = Release|Any CPU
		{FA9CDAD2-5F52-4BAE-9BD9-5D82D9640601}.Release|Any CPU.Build.0 = Release|Any CPU
		{B1883C16-3C7C-451D-A13A-563BDE34A108}.Debug|Any CPU.ActiveCfg = Debug|Any CPU
		{B1883C16-3C7C-451D-A13A-563BDE34A108}.Debug|Any CPU.Build.0 = Debug|Any CPU
		{B1883C16-3C7C-451D-A13A-563BDE34A108}.Release|Any CPU.ActiveCfg = Release|Any CPU
		{B1883C16-3C7C-451D-A13A-563BDE34A108}.Release|Any CPU.Build.0 = Release|Any CPU
		{8C4A4F96-3987-4044-882B-602810810025}.Debug|Any CPU.ActiveCfg = Debug|Any CPU
		{8C4A4F96-3987-4044-882B-602810810025}.Debug|Any CPU.Build.0 = Debug|Any CPU
		{8C4A4F96-3987-4044-882B-602810810025}.Release|Any CPU.ActiveCfg = Release|Any CPU
		{8C4A4F96-3987-4044-882B-602810810025}.Release|Any CPU.Build.0 = Release|Any CPU
		{06BAB3B2-DC86-4144-8F6D-34BD6026A4D2}.Debug|Any CPU.ActiveCfg = Debug|Any CPU
		{06BAB3B2-DC86-4144-8F6D-34BD6026A4D2}.Debug|Any CPU.Build.0 = Debug|Any CPU
		{06BAB3B2-DC86-4144-8F6D-34BD6026A4D2}.Release|Any CPU.ActiveCfg = Release|Any CPU
		{06BAB3B2-DC86-4144-8F6D-34BD6026A4D2}.Release|Any CPU.Build.0 = Release|Any CPU
	EndGlobalSection
	GlobalSection(SolutionProperties) = preSolution
		HideSolutionNode = FALSE
	EndGlobalSection
	GlobalSection(NestedProjects) = preSolution
		{323A84E1-216C-4965-B35B-FCC305328A40} = {AD5A4E2C-3C7C-43AE-9191-98642335294C}
		{F3D66576-8387-4613-918B-28B40D8DFFA4} = {FD013849-E4FC-48A1-ACE5-3E0D66BF80C3}
		{E747433A-E6E1-4072-8447-6F2E2469C56B} = {FD013849-E4FC-48A1-ACE5-3E0D66BF80C3}
		{5D67EB27-664B-46C7-A06F-A73CC2CAE401} = {FD013849-E4FC-48A1-ACE5-3E0D66BF80C3}
	EndGlobalSection
	GlobalSection(ExtensibilityGlobals) = postSolution
		SolutionGuid = {D44FC9ED-C1E2-4228-8A1C-7BDB9E16841B}
	EndGlobalSection
EndGlobal
